<?xml version="1.0" encoding="utf-8"?>
<Project ToolsVersion="4.0" xmlns="http://schemas.microsoft.com/developer/msbuild/2003">
  <ItemGroup>
    <Filter Include="소스 파일">
      <UniqueIdentifier>{4FC737F1-C7A5-4376-A066-2A32D752A2FF}</UniqueIdentifier>
      <Extensions>cpp;c;cc;cxx;c++;cppm;ixx;def;odl;idl;hpj;bat;asm;asmx</Extensions>
    </Filter>
    <Filter Include="헤더 파일">
      <UniqueIdentifier>{93995380-89BD-4b04-88EB-625FBE52EBFB}</UniqueIdentifier>
      <Extensions>h;hh;hpp;hxx;h++;hm;inl;inc;ipp;xsd</Extensions>
    </Filter>
    <Filter Include="리소스 파일">
      <UniqueIdentifier>{67DA6AB6-F800-4c08-8B7A-83BB121AAD01}</UniqueIdentifier>
      <Extensions>rc;ico;cur;bmp;dlg;rc2;rct;bin;rgs;gif;jpg;jpeg;jpe;resx;tiff;tif;png;wav;mfcribbon-ms</Extensions>
    </Filter>
    <Filter Include="3rdPartyLibrary">
      <UniqueIdentifier>{583dd9c6-6282-40e1-9827-36b571daf143}</UniqueIdentifier>
    </Filter>
  </ItemGroup>
  <ItemGroup>
    <ClCompile Include="JsonUserDB.cpp">
      <Filter>소스 파일</Filter>
    </ClCompile>
    <ClCompile Include="LogUtility.cpp">
      <Filter>소스 파일</Filter>
    </ClCompile>
    <ClCompile Include="MemoryUtility.cpp">
      <Filter>소스 파일</Filter>
    </ClCompile>
    <ClCompile Include="SqlUtility.cpp">
      <Filter>소스 파일</Filter>
    </ClCompile>
    <ClCompile Include="StrUtility.cpp">
      <Filter>소스 파일</Filter>
    </ClCompile>
    <ClCompile Include="ThirdParty\jsoncpp.cpp">
      <Filter>3rdPartyLibrary</Filter>
    </ClCompile>
    <ClCompile Include="ThirdParty\argparse\argparse.c">
      <Filter>3rdPartyLibrary</Filter>
    </ClCompile>
  </ItemGroup>
  <ItemGroup>
    <ClInclude Include="LogUtility.h">
      <Filter>헤더 파일</Filter>
    </ClInclude>
    <ClInclude Include="SqlUtility.h">
      <Filter>헤더 파일</Filter>
    </ClInclude>
    <ClInclude Include="StrUtility.h">
      <Filter>헤더 파일</Filter>
    </ClInclude>
    <ClInclude Include="MemoryUtility.h">
      <Filter>헤더 파일</Filter>
    </ClInclude>
    <ClInclude Include="ThirdParty\sqlbuilder.h">
      <Filter>3rdPartyLibrary</Filter>
    </ClInclude>
    <ClInclude Include="ThirdParty\json\json.h">
      <Filter>3rdPartyLibrary</Filter>
    </ClInclude>
    <ClInclude Include="ThirdParty\json\json-forwards.h">
      <Filter>3rdPartyLibrary</Filter>
    </ClInclude>
    <ClInclude Include="ThirdParty\fmt\core.h">
      <Filter>3rdPartyLibrary</Filter>
    </ClInclude>
    <ClInclude Include="ThirdParty\fmt\format.h">
      <Filter>3rdPartyLibrary</Filter>
    </ClInclude>
    <ClInclude Include="ThirdParty\fmt\format-inl.h">
      <Filter>3rdPartyLibrary</Filter>
    </ClInclude>
    <ClInclude Include="ThirdParty\fmt\xchar.h">
      <Filter>3rdPartyLibrary</Filter>
    </ClInclude>
    <ClInclude Include="ThirdParty\argparse\argparse.h">
      <Filter>3rdPartyLibrary</Filter>
    </ClInclude>
  </ItemGroup>
</Project>